
Microsoft Visual Studio Solution File, Format Version 12.00
# Visual Studio Version 16
VisualStudioVersion = 16.0.31624.102
MinimumVisualStudioVersion = 10.0.40219.1
Project("{FAE04EC0-301F-11D3-BF4B-00C04F79EFBC}") = "P1-AP1-Danilo-20190266", "P1-AP1-Danilo-20190266.csproj", "{286D094E-4DDD-4EF8-9292-F8251E32D1BB}"
EndProject
Global
	GlobalSection(SolutionConfigurationPlatforms) = preSolution
		Debug|Any CPU = Debug|Any CPU
		Release|Any CPU = Release|Any CPU
	EndGlobalSection
	GlobalSection(ProjectConfigurationPlatforms) = postSolution
		{286D094E-4DDD-4EF8-9292-F8251E32D1BB}.Debug|Any CPU.ActiveCfg = Debug|Any CPU
		{286D094E-4DDD-4EF8-9292-F8251E32D1BB}.Debug|Any CPU.Build.0 = Debug|Any CPU
		{286D094E-4DDD-4EF8-9292-F8251E32D1BB}.Release|Any CPU.ActiveCfg = Release|Any CPU
		{286D094E-4DDD-4EF8-9292-F8251E32D1BB}.Release|Any CPU.Build.0 = Release|Any CPU
	EndGlobalSection
	GlobalSection(SolutionProperties) = preSolution
		HideSolutionNode = FALSE
	EndGlobalSection
	GlobalSection(ExtensibilityGlobals) = postSolution
		SolutionGuid = {FE403C26-ED65-4926-BC93-D8B7E4820176}
	EndGlobalSection
EndGlobal
